# THIS IS AN AUTOGENERATED FILE. DO NOT EDIT THIS FILE DIRECTLY.
# yarn lockfile v1


"@types/js-yaml@^3.11.4":
  version "3.11.4"
  resolved "https://registry.yarnpkg.com/@types/js-yaml/-/js-yaml-3.11.4.tgz#c4323304673278b8406bccb63bbf577342dbbdba"
  integrity sha512-a42nbZzOlxbH3ORDg/brU+zlRQS8mSvZCEY4Xery66/NIA7yX4T9qk6yL9qpw4AhgwzEgc1XIhHRnivQW+zlkw==

argparse@^1.0.7:
  version "1.0.10"
  resolved "https://registry.yarnpkg.com/argparse/-/argparse-1.0.10.tgz#bcd6791ea5ae09725e17e5ad988134cd40b3d911"
  integrity sha512-o5Roy6tNG4SL/FOkCAN6RzjiakZS25RLYFrcMttJqbdd8BWrnA+fGz57iN5Pb06pvBGvl5gQ0B48dJlslXvoTg==
  dependencies:
    sprintf-js "~1.0.2"

doctrine@^1.2.2:
  version "1.5.0"
  resolved "https://registry.yarnpkg.com/doctrine/-/doctrine-1.5.0.tgz#379dce730f6166f76cefa4e6707a159b02c5a6fa"
  integrity sha1-N53Ocw9hZvds76TmcHoVmwLFpvo=
  dependencies:
    esutils "^2.0.2"
    isarray "^1.0.0"

eslint-plugin-react@^5.2.1:
  version "5.2.2"
  resolved "https://registry.yarnpkg.com/eslint-plugin-react/-/eslint-plugin-react-5.2.2.tgz#7db068e1f5487f6871e4deef36a381c303eac161"
  integrity sha1-fbBo4fVIf2hx5N7vNqOBwwPqwWE=
  dependencies:
    doctrine "^1.2.2"
    jsx-ast-utils "^1.2.1"

esprima@^4.0.0:
  version "4.0.1"
  resolved "https://registry.yarnpkg.com/esprima/-/esprima-4.0.1.tgz#13b04cdb3e6c5d19df91ab6987a8695619b0aa71"
  integrity sha512-eGuFFw7Upda+g4p+QHvnW0RyTX/SVeJBDM/gCtMARO0cLuT2HcEKnTPvhjV6aGeqrCB/sbNop0Kszm0jsaWU4A==

esutils@^2.0.2:
  version "2.0.2"
  resolved "https://registry.yarnpkg.com/esutils/-/esutils-2.0.2.tgz#0abf4f1caa5bcb1f7a9d8acc6dea4faaa04bac9b"
  integrity sha1-Cr9PHKpbyx96nYrMbepPqqBLrJs=

isarray@^1.0.0:
  version "1.0.0"
  resolved "https://registry.yarnpkg.com/isarray/-/isarray-1.0.0.tgz#bb935d48582cba168c06834957a54a3e07124f11"
  integrity sha1-u5NdSFgsuhaMBoNJV6VKPgcSTxE=

js-yaml@^3.4.6:
  version "3.12.1"
  resolved "https://registry.yarnpkg.com/js-yaml/-/js-yaml-3.12.1.tgz#295c8632a18a23e054cf5c9d3cecafe678167600"
  integrity sha512-um46hB9wNOKlwkHgiuyEVAybXBjwFUV0Z/RaHJblRd9DXltue9FTYvzCr9ErQrK9Adz5MU4gHWVaNUfdmrC8qA==
  dependencies:
    argparse "^1.0.7"
    esprima "^4.0.0"

jsx-ast-utils@^1.2.1:
  version "1.4.1"
  resolved "https://registry.yarnpkg.com/jsx-ast-utils/-/jsx-ast-utils-1.4.1.tgz#3867213e8dd79bf1e8f2300c0cfc1efb182c0df1"
  integrity sha1-OGchPo3Xm/Ho8jAMDPwe+xgsDfE=

sprintf-js@~1.0.2:
  version "1.0.3"
  resolved "https://registry.yarnpkg.com/sprintf-js/-/sprintf-js-1.0.3.tgz#04e6926f662895354f3dd015203633b857297e2c"
  integrity sha1-BOaSb2YolTVPPdAVIDYzuFcpfiw=
